
Microsoft Visual Studio Solution File, Format Version 12.00
# Visual Studio Version 16
VisualStudioVersion = 16.0.31911.196
MinimumVisualStudioVersion = 10.0.40219.1
Project("{FAE04EC0-301F-11D3-BF4B-00C04F79EFBC}") = "Core.RabbitMQ.Library", "Core.RabbitMQ.Library\Core.RabbitMQ.Library.csproj", "{8DD83395-1524-426D-84B3-269919E89AE5}"
EndProject
Project("{FAE04EC0-301F-11D3-BF4B-00C04F79EFBC}") = "Core.RabbitMQ.TestApp", "Core.RabbitMQ.TestApp\Core.RabbitMQ.TestApp.csproj", "{5719106C-F558-46F5-A2BB-DB4432F5EEEF}"
EndProject
Global
	GlobalSection(SolutionConfigurationPlatforms) = preSolution
		Debug|Any CPU = Debug|Any CPU
		Release|Any CPU = Release|Any CPU
	EndGlobalSection
	GlobalSection(ProjectConfigurationPlatforms) = postSolution
		{8DD83395-1524-426D-84B3-269919E89AE5}.Debug|Any CPU.ActiveCfg = Debug|Any CPU
		{8DD83395-1524-426D-84B3-269919E89AE5}.Debug|Any CPU.Build.0 = Debug|Any CPU
		{8DD83395-1524-426D-84B3-269919E89AE5}.Release|Any CPU.ActiveCfg = Release|Any CPU
		{8DD83395-1524-426D-84B3-269919E89AE5}.Release|Any CPU.Build.0 = Release|Any CPU
		{5719106C-F558-46F5-A2BB-DB4432F5EEEF}.Debug|Any CPU.ActiveCfg = Debug|Any CPU
		{5719106C-F558-46F5-A2BB-DB4432F5EEEF}.Debug|Any CPU.Build.0 = Debug|Any CPU
		{5719106C-F558-46F5-A2BB-DB4432F5EEEF}.Release|Any CPU.ActiveCfg = Release|Any CPU
		{5719106C-F558-46F5-A2BB-DB4432F5EEEF}.Release|Any CPU.Build.0 = Release|Any CPU
	EndGlobalSection
	GlobalSection(SolutionProperties) = preSolution
		HideSolutionNode = FALSE
	EndGlobalSection
	GlobalSection(ExtensibilityGlobals) = postSolution
		SolutionGuid = {230FEF15-B84A-4C81-B3DB-CF38B377FB30}
	EndGlobalSection
EndGlobal
